{
  "originHash" : "e9a56f80a07a2f1375d0d177e0526569e6e3db7a58194b852a8e0baf0eb6d82b",
  "pins" : [
    {
      "identity" : "fluidaudio",
      "kind" : "remoteSourceControl",
      "location" : "https://github.com/FluidInference/FluidAudio.git",
      "state" : {
        "revision" : "4dbf4f9f9a5ff3a53ade848d7ba4e3df13db859b",
        "version" : "0.15.6"
      }
    }
  ],
  "version" : 3
}
